
Microsoft Visual Studio Solution File, Format Version 12.00
# Visual Studio Version 16
VisualStudioVersion = 16.0.29306.81
MinimumVisualStudioVersion = 10.0.40219.1
Project("{FAE04EC0-301F-11D3-BF4B-00C04F79EFBC}") = "Manipulador de Arquivo Texto", "Manipulador de Arquivo Texto\Manipulador de Arquivo Texto.csproj", "{4F7183B1-4CEE-4BED-A6FD-BF5A132B2919}"
EndProject
Global
	GlobalSection(SolutionConfigurationPlatforms) = preSolution
		Debug|Any CPU = Debug|Any CPU
		Release|Any CPU = Release|Any CPU
	EndGlobalSection
	GlobalSection(ProjectConfigurationPlatforms) = postSolution
		{4F7183B1-4CEE-4BED-A6FD-BF5A132B2919}.Debug|Any CPU.ActiveCfg = Debug|Any CPU
		{4F7183B1-4CEE-4BED-A6FD-BF5A132B2919}.Debug|Any CPU.Build.0 = Debug|Any CPU
		{4F7183B1-4CEE-4BED-A6FD-BF5A132B2919}.Release|Any CPU.ActiveCfg = Release|Any CPU
		{4F7183B1-4CEE-4BED-A6FD-BF5A132B2919}.Release|Any CPU.Build.0 = Release|Any CPU
	EndGlobalSection
	GlobalSection(SolutionProperties) = preSolution
		HideSolutionNode = FALSE
	EndGlobalSection
	GlobalSection(ExtensibilityGlobals) = postSolution
		SolutionGuid = {AD4BC46F-B1AF-4358-896E-3E57A0A5766C}
	EndGlobalSection
EndGlobal
